{
  "nodes": {
    "emacs-overlay": {
      "inputs": {
        "flake-utils": "flake-utils",
        "nixpkgs": "nixpkgs"
      },
      "locked": {
        "lastModified": 1670063780,
        "narHash": "sha256-fbjH0DOJmR5AigMuWDC2wgglf7i4Xf3y+2XNWT4eztw=",
        "owner": "nix-community",
        "repo": "emacs-overlay",
        "rev": "d39052346c5fbb66c8210c263b0c8db8afd9fed2",
        "type": "github"
      },
      "original": {
        "owner": "nix-community",
        "repo": "emacs-overlay",
        "rev": "d39052346c5fbb66c8210c263b0c8db8afd9fed2",
        "type": "github"
      }
    },
    "flake-utils": {
      "locked": {
        "lastModified": 1659877975,
        "narHash": "sha256-zllb8aq3YO3h8B/U0/J1WBgAL8EX5yWf5pMj3G0NAmc=",
        "owner": "numtide",
        "repo": "flake-utils",
        "rev": "c0e246b9b83f637f4681389ecabcb2681b4f3af0",
        "type": "github"
      },
      "original": {
        "owner": "numtide",
        "repo": "flake-utils",
        "type": "github"
      }
    },
    "flake-utils_2": {
      "locked": {
        "lastModified": 1656928814,
        "narHash": "sha256-RIFfgBuKz6Hp89yRr7+NR5tzIAbn52h8vT6vXkYjZoM=",
        "owner": "numtide",
        "repo": "flake-utils",
        "rev": "7e2a3b3dfd9af950a856d66b0a7d01e3c18aa249",
        "type": "github"
      },
      "original": {
        "owner": "numtide",
        "repo": "flake-utils",
        "type": "github"
      }
    },
    "nixpkgs": {
      "locked": {
        "lastModified": 1660227034,
        "narHash": "sha256-bXMlG/YU0IjAod6M625XT1YbUG+/3L9ypk9llYpKeuM=",
        "owner": "NixOS",
        "repo": "nixpkgs",
        "rev": "964d60ff2e6bc76c0618962da52859603784fa78",
        "type": "github"
      },
      "original": {
        "id": "nixpkgs",
        "type": "indirect"
      }
    },
    "nixpkgs_2": {
      "locked": {
        "lastModified": 1663856297,
        "narHash": "sha256-dJfjW7EDZd08bw3grLlJ5miZ77ZkYHQLqJCo3kc3pmo=",
        "owner": "NixOS",
        "repo": "nixpkgs",
        "rev": "da60f2dc9c95692804fa6575fa467e659de5031b",
        "type": "github"
      },
      "original": {
        "owner": "NixOS",
        "repo": "nixpkgs",
        "rev": "da60f2dc9c95692804fa6575fa467e659de5031b",
        "type": "github"
      }
    },
    "root": {
      "inputs": {
        "emacs-overlay": "emacs-overlay",
        "nixpkgs": "nixpkgs_2",
        "rust-overlay": "rust-overlay"
      }
    },
    "rust-overlay": {
      "inputs": {
        "flake-utils": "flake-utils_2",
        "nixpkgs": [
          "nixpkgs"
        ]
      },
      "locked": {
        "lastModified": 1670034122,
        "narHash": "sha256-EqmuOKucPWtMvCZtHraHr3Q3bgVszq1x2PoZtQkUuEk=",
        "owner": "oxalica",
        "repo": "rust-overlay",
        "rev": "a0d5773275ecd4f141d792d3a0376277c0fc0b65",
        "type": "github"
      },
      "original": {
        "owner": "oxalica",
        "repo": "rust-overlay",
        "rev": "a0d5773275ecd4f141d792d3a0376277c0fc0b65",
        "type": "github"
      }
    }
  },
  "root": "root",
  "version": 7
}
