{
  "nodes": {
    "emacs-overlay": {
      "locked": {
        "lastModified": 1651259218,
        "narHash": "sha256-Op4KH8XyqYKrD7DyuAF3dnq9oOOcE9n2LULxSs2FgQ4=",
        "owner": "nix-community",
        "repo": "emacs-overlay",
        "rev": "82abb862fec2c3f48d8f3690d22f27fc25f48478",
        "type": "github"
      },
      "original": {
        "owner": "nix-community",
        "repo": "emacs-overlay",
        "type": "github"
      }
    },
    "flake-utils": {
      "locked": {
        "lastModified": 1637014545,
        "narHash": "sha256-26IZAc5yzlD9FlDT54io1oqG/bBoyka+FJk5guaX4x4=",
        "owner": "numtide",
        "repo": "flake-utils",
        "rev": "bba5dcc8e0b20ab664967ad83d24d64cb64ec4f4",
        "type": "github"
      },
      "original": {
        "owner": "numtide",
        "repo": "flake-utils",
        "type": "github"
      }
    },
    "nixpkgs": {
      "locked": {
        "lastModified": 1651273796,
        "narHash": "sha256-kqWfHMfXUz2d9Y8KDA9D5vk03xj28Y+I2AyxzrQ14Vo=",
        "owner": "NixOS",
        "repo": "nixpkgs",
        "rev": "3080554891b4404fcbc5f09a4fe1d4ea0334d829",
        "type": "github"
      },
      "original": {
        "owner": "NixOS",
        "repo": "nixpkgs",
        "type": "github"
      }
    },
    "root": {
      "inputs": {
        "emacs-overlay": "emacs-overlay",
        "nixpkgs": "nixpkgs",
        "rust-overlay": "rust-overlay"
      }
    },
    "rust-overlay": {
      "inputs": {
        "flake-utils": "flake-utils",
        "nixpkgs": [
          "nixpkgs"
        ]
      },
      "locked": {
        "lastModified": 1651373540,
        "narHash": "sha256-l15nzQRveoVcrxQh9ASsqy++d4iM1HWfZU1uJf6b0EU=",
        "owner": "oxalica",
        "repo": "rust-overlay",
        "rev": "3b4e68f5949221922189ebc887cde270e98956a9",
        "type": "github"
      },
      "original": {
        "owner": "oxalica",
        "repo": "rust-overlay",
        "type": "github"
      }
    }
  },
  "root": "root",
  "version": 7
}
